
Microsoft Visual Studio Solution File, Format Version 12.00
# Visual Studio Version 17
VisualStudioVersion = 17.13.35931.197
MinimumVisualStudioVersion = 10.0.40219.1
Project("{8BC9CEB8-8B4A-11D0-8D11-00A0C91BC942}") = "SCN", "SCN\SCN.vcxproj", "{9A202096-C9CD-4580-952D-9B649AC24FB9}"
EndProject
Project("{8BC9CEB8-8B4A-11D0-8D11-00A0C91BC942}") = "MFR", "MFR\MFR.vcxproj", "{E86748D0-4287-4685-A108-0420974D8908}"
EndProject
Project("{8BC9CEB8-8B4A-11D0-8D11-00A0C91BC942}") = "ScenarioManager", "ScenarioManager\ScenarioManager.vcxproj", "{80EABADD-04AD-4208-83C7-DCDD30B5F0A9}"
EndProject
Project("{8BC9CEB8-8B4A-11D0-8D11-00A0C91BC942}") = "Aircraft", "..\ng\Aircraft\Aircraft.vcxproj", "{8EE66A2B-63FC-4CE5-AB50-697D3F1F978F}"
EndProject
Project("{8BC9CEB8-8B4A-11D0-8D11-00A0C91BC942}") = "dummy", "..\ng\dummy\dummy.vcxproj", "{1E5CC1D0-67C1-4D8D-9735-3D2CA8388093}"
EndProject
Project("{FAE04EC0-301F-11D3-BF4B-00C04F79EFBC}") = "OCC_lsy", "..\ng\OCC_lsy\OCC_lsy.csproj", "{84D569BE-3944-A53D-049E-2BE3AED097F6}"
EndProject
Project("{8BC9CEB8-8B4A-11D0-8D11-00A0C91BC942}") = "ATS", "..\ng\ATS\ATS.vcxproj", "{C96F6416-3981-49DA-BFD4-40F099B943BC}"
EndProject
Project("{8BC9CEB8-8B4A-11D0-8D11-00A0C91BC942}") = "MNSLaunch", "..\ng\mnslaunch\mnslaunch.vcxproj", "{44E0B4CB-BC03-4C7B-B187-55C00CEA4483}"
EndProject
Global
	GlobalSection(SolutionConfigurationPlatforms) = preSolution
		Debug|Any CPU = Debug|Any CPU
		Debug|x64 = Debug|x64
		Debug|x86 = Debug|x86
		Release|Any CPU = Release|Any CPU
		Release|x64 = Release|x64
		Release|x86 = Release|x86
	EndGlobalSection
	GlobalSection(ProjectConfigurationPlatforms) = postSolution
		{9A202096-C9CD-4580-952D-9B649AC24FB9}.Debug|Any CPU.ActiveCfg = Debug|x64
		{9A202096-C9CD-4580-952D-9B649AC24FB9}.Debug|Any CPU.Build.0 = Debug|x64
		{9A202096-C9CD-4580-952D-9B649AC24FB9}.Debug|x64.ActiveCfg = Debug|x64
		{9A202096-C9CD-4580-952D-9B649AC24FB9}.Debug|x64.Build.0 = Debug|x64
		{9A202096-C9CD-4580-952D-9B649AC24FB9}.Debug|x86.ActiveCfg = Debug|Win32
		{9A202096-C9CD-4580-952D-9B649AC24FB9}.Debug|x86.Build.0 = Debug|Win32
		{9A202096-C9CD-4580-952D-9B649AC24FB9}.Release|Any CPU.ActiveCfg = Release|x64
		{9A202096-C9CD-4580-952D-9B649AC24FB9}.Release|Any CPU.Build.0 = Release|x64
		{9A202096-C9CD-4580-952D-9B649AC24FB9}.Release|x64.ActiveCfg = Release|x64
		{9A202096-C9CD-4580-952D-9B649AC24FB9}.Release|x64.Build.0 = Release|x64
		{9A202096-C9CD-4580-952D-9B649AC24FB9}.Release|x86.ActiveCfg = Release|Win32
		{9A202096-C9CD-4580-952D-9B649AC24FB9}.Release|x86.Build.0 = Release|Win32
		{E86748D0-4287-4685-A108-0420974D8908}.Debug|Any CPU.ActiveCfg = Debug|x64
		{E86748D0-4287-4685-A108-0420974D8908}.Debug|Any CPU.Build.0 = Debug|x64
		{E86748D0-4287-4685-A108-0420974D8908}.Debug|x64.ActiveCfg = Debug|x64
		{E86748D0-4287-4685-A108-0420974D8908}.Debug|x64.Build.0 = Debug|x64
		{E86748D0-4287-4685-A108-0420974D8908}.Debug|x86.ActiveCfg = Debug|Win32
		{E86748D0-4287-4685-A108-0420974D8908}.Debug|x86.Build.0 = Debug|Win32
		{E86748D0-4287-4685-A108-0420974D8908}.Release|Any CPU.ActiveCfg = Release|x64
		{E86748D0-4287-4685-A108-0420974D8908}.Release|Any CPU.Build.0 = Release|x64
		{E86748D0-4287-4685-A108-0420974D8908}.Release|x64.ActiveCfg = Release|x64
		{E86748D0-4287-4685-A108-0420974D8908}.Release|x64.Build.0 = Release|x64
		{E86748D0-4287-4685-A108-0420974D8908}.Release|x86.ActiveCfg = Release|Win32
		{E86748D0-4287-4685-A108-0420974D8908}.Release|x86.Build.0 = Release|Win32
		{80EABADD-04AD-4208-83C7-DCDD30B5F0A9}.Debug|Any CPU.ActiveCfg = Debug|x64
		{80EABADD-04AD-4208-83C7-DCDD30B5F0A9}.Debug|Any CPU.Build.0 = Debug|x64
		{80EABADD-04AD-4208-83C7-DCDD30B5F0A9}.Debug|x64.ActiveCfg = Debug|x64
		{80EABADD-04AD-4208-83C7-DCDD30B5F0A9}.Debug|x64.Build.0 = Debug|x64
		{80EABADD-04AD-4208-83C7-DCDD30B5F0A9}.Debug|x86.ActiveCfg = Debug|Win32
		{80EABADD-04AD-4208-83C7-DCDD30B5F0A9}.Debug|x86.Build.0 = Debug|Win32
		{80EABADD-04AD-4208-83C7-DCDD30B5F0A9}.Release|Any CPU.ActiveCfg = Release|x64
		{80EABADD-04AD-4208-83C7-DCDD30B5F0A9}.Release|Any CPU.Build.0 = Release|x64
		{80EABADD-04AD-4208-83C7-DCDD30B5F0A9}.Release|x64.ActiveCfg = Release|x64
		{80EABADD-04AD-4208-83C7-DCDD30B5F0A9}.Release|x64.Build.0 = Release|x64
		{80EABADD-04AD-4208-83C7-DCDD30B5F0A9}.Release|x86.ActiveCfg = Release|Win32
		{80EABADD-04AD-4208-83C7-DCDD30B5F0A9}.Release|x86.Build.0 = Release|Win32
		{8EE66A2B-63FC-4CE5-AB50-697D3F1F978F}.Debug|Any CPU.ActiveCfg = Debug|x64
		{8EE66A2B-63FC-4CE5-AB50-697D3F1F978F}.Debug|Any CPU.Build.0 = Debug|x64
		{8EE66A2B-63FC-4CE5-AB50-697D3F1F978F}.Debug|x64.ActiveCfg = Debug|x64
		{8EE66A2B-63FC-4CE5-AB50-697D3F1F978F}.Debug|x64.Build.0 = Debug|x64
		{8EE66A2B-63FC-4CE5-AB50-697D3F1F978F}.Debug|x86.ActiveCfg = Debug|Win32
		{8EE66A2B-63FC-4CE5-AB50-697D3F1F978F}.Debug|x86.Build.0 = Debug|Win32
		{8EE66A2B-63FC-4CE5-AB50-697D3F1F978F}.Release|Any CPU.ActiveCfg = Release|x64
		{8EE66A2B-63FC-4CE5-AB50-697D3F1F978F}.Release|Any CPU.Build.0 = Release|x64
		{8EE66A2B-63FC-4CE5-AB50-697D3F1F978F}.Release|x64.ActiveCfg = Release|x64
		{8EE66A2B-63FC-4CE5-AB50-697D3F1F978F}.Release|x64.Build.0 = Release|x64
		{8EE66A2B-63FC-4CE5-AB50-697D3F1F978F}.Release|x86.ActiveCfg = Release|Win32
		{8EE66A2B-63FC-4CE5-AB50-697D3F1F978F}.Release|x86.Build.0 = Release|Win32
		{1E5CC1D0-67C1-4D8D-9735-3D2CA8388093}.Debug|Any CPU.ActiveCfg = Debug|x64
		{1E5CC1D0-67C1-4D8D-9735-3D2CA8388093}.Debug|Any CPU.Build.0 = Debug|x64
		{1E5CC1D0-67C1-4D8D-9735-3D2CA8388093}.Debug|x64.ActiveCfg = Debug|x64
		{1E5CC1D0-67C1-4D8D-9735-3D2CA8388093}.Debug|x64.Build.0 = Debug|x64
		{1E5CC1D0-67C1-4D8D-9735-3D2CA8388093}.Debug|x86.ActiveCfg = Debug|Win32
		{1E5CC1D0-67C1-4D8D-9735-3D2CA8388093}.Debug|x86.Build.0 = Debug|Win32
		{1E5CC1D0-67C1-4D8D-9735-3D2CA8388093}.Release|Any CPU.ActiveCfg = Release|x64
		{1E5CC1D0-67C1-4D8D-9735-3D2CA8388093}.Release|Any CPU.Build.0 = Release|x64
		{1E5CC1D0-67C1-4D8D-9735-3D2CA8388093}.Release|x64.ActiveCfg = Release|x64
		{1E5CC1D0-67C1-4D8D-9735-3D2CA8388093}.Release|x64.Build.0 = Release|x64
		{1E5CC1D0-67C1-4D8D-9735-3D2CA8388093}.Release|x86.ActiveCfg = Release|Win32
		{1E5CC1D0-67C1-4D8D-9735-3D2CA8388093}.Release|x86.Build.0 = Release|Win32
		{84D569BE-3944-A53D-049E-2BE3AED097F6}.Debug|Any CPU.ActiveCfg = Debug|Any CPU
		{84D569BE-3944-A53D-049E-2BE3AED097F6}.Debug|Any CPU.Build.0 = Debug|Any CPU
		{84D569BE-3944-A53D-049E-2BE3AED097F6}.Debug|x64.ActiveCfg = Debug|Any CPU
		{84D569BE-3944-A53D-049E-2BE3AED097F6}.Debug|x64.Build.0 = Debug|Any CPU
		{84D569BE-3944-A53D-049E-2BE3AED097F6}.Debug|x86.ActiveCfg = Debug|Any CPU
		{84D569BE-3944-A53D-049E-2BE3AED097F6}.Debug|x86.Build.0 = Debug|Any CPU
		{84D569BE-3944-A53D-049E-2BE3AED097F6}.Release|Any CPU.ActiveCfg = Release|Any CPU
		{84D569BE-3944-A53D-049E-2BE3AED097F6}.Release|Any CPU.Build.0 = Release|Any CPU
		{84D569BE-3944-A53D-049E-2BE3AED097F6}.Release|x64.ActiveCfg = Release|Any CPU
		{84D569BE-3944-A53D-049E-2BE3AED097F6}.Release|x64.Build.0 = Release|Any CPU
		{84D569BE-3944-A53D-049E-2BE3AED097F6}.Release|x86.ActiveCfg = Release|Any CPU
		{84D569BE-3944-A53D-049E-2BE3AED097F6}.Release|x86.Build.0 = Release|Any CPU
		{C96F6416-3981-49DA-BFD4-40F099B943BC}.Debug|Any CPU.ActiveCfg = Debug|x64
		{C96F6416-3981-49DA-BFD4-40F099B943BC}.Debug|Any CPU.Build.0 = Debug|x64
		{C96F6416-3981-49DA-BFD4-40F099B943BC}.Debug|x64.ActiveCfg = Debug|x64
		{C96F6416-3981-49DA-BFD4-40F099B943BC}.Debug|x64.Build.0 = Debug|x64
		{C96F6416-3981-49DA-BFD4-40F099B943BC}.Debug|x86.ActiveCfg = Debug|Win32
		{C96F6416-3981-49DA-BFD4-40F099B943BC}.Debug|x86.Build.0 = Debug|Win32
		{C96F6416-3981-49DA-BFD4-40F099B943BC}.Release|Any CPU.ActiveCfg = Release|x64
		{C96F6416-3981-49DA-BFD4-40F099B943BC}.Release|Any CPU.Build.0 = Release|x64
		{C96F6416-3981-49DA-BFD4-40F099B943BC}.Release|x64.ActiveCfg = Release|x64
		{C96F6416-3981-49DA-BFD4-40F099B943BC}.Release|x64.Build.0 = Release|x64
		{C96F6416-3981-49DA-BFD4-40F099B943BC}.Release|x86.ActiveCfg = Release|Win32
		{C96F6416-3981-49DA-BFD4-40F099B943BC}.Release|x86.Build.0 = Release|Win32
		{44E0B4CB-BC03-4C7B-B187-55C00CEA4483}.Debug|Any CPU.ActiveCfg = Debug|x64
		{44E0B4CB-BC03-4C7B-B187-55C00CEA4483}.Debug|Any CPU.Build.0 = Debug|x64
		{44E0B4CB-BC03-4C7B-B187-55C00CEA4483}.Debug|x64.ActiveCfg = Debug|x64
		{44E0B4CB-BC03-4C7B-B187-55C00CEA4483}.Debug|x64.Build.0 = Debug|x64
		{44E0B4CB-BC03-4C7B-B187-55C00CEA4483}.Debug|x86.ActiveCfg = Debug|Win32
		{44E0B4CB-BC03-4C7B-B187-55C00CEA4483}.Debug|x86.Build.0 = Debug|Win32
		{44E0B4CB-BC03-4C7B-B187-55C00CEA4483}.Release|Any CPU.ActiveCfg = Release|x64
		{44E0B4CB-BC03-4C7B-B187-55C00CEA4483}.Release|Any CPU.Build.0 = Release|x64
		{44E0B4CB-BC03-4C7B-B187-55C00CEA4483}.Release|x64.ActiveCfg = Release|x64
		{44E0B4CB-BC03-4C7B-B187-55C00CEA4483}.Release|x64.Build.0 = Release|x64
		{44E0B4CB-BC03-4C7B-B187-55C00CEA4483}.Release|x86.ActiveCfg = Release|Win32
		{44E0B4CB-BC03-4C7B-B187-55C00CEA4483}.Release|x86.Build.0 = Release|Win32
	EndGlobalSection
	GlobalSection(SolutionProperties) = preSolution
		HideSolutionNode = FALSE
	EndGlobalSection
	GlobalSection(ExtensibilityGlobals) = postSolution
		SolutionGuid = {79469A0E-36EE-4FC6-8BEE-06162EFCE979}
	EndGlobalSection
EndGlobal
