<?xml version="1.0" encoding="utf-8"?>
<Project ToolsVersion="4.0" xmlns="http://schemas.microsoft.com/developer/msbuild/2003">
  <ItemGroup>
    <Filter Include="소스 파일">
      <UniqueIdentifier>{4FC737F1-C7A5-4376-A066-2A32D752A2FF}</UniqueIdentifier>
      <Extensions>cpp;c;cc;cxx;c++;cppm;ixx;def;odl;idl;hpj;bat;asm;asmx</Extensions>
    </Filter>
    <Filter Include="헤더 파일">
      <UniqueIdentifier>{93995380-89BD-4b04-88EB-625FBE52EBFB}</UniqueIdentifier>
      <Extensions>h;hh;hpp;hxx;h++;hm;inl;inc;ipp;xsd</Extensions>
    </Filter>
    <Filter Include="리소스 파일">
      <UniqueIdentifier>{67DA6AB6-F800-4c08-8B7A-83BB121AAD01}</UniqueIdentifier>
      <Extensions>rc;ico;cur;bmp;dlg;rc2;rct;bin;rgs;gif;jpg;jpeg;jpe;resx;tiff;tif;png;wav;mfcribbon-ms</Extensions>
    </Filter>
  </ItemGroup>
  <ItemGroup>
    <ClCompile Include="main.cpp">
      <Filter>소스 파일</Filter>
    </ClCompile>
    <ClCompile Include="Aircraft.cpp">
      <Filter>소스 파일</Filter>
    </ClCompile>
    <ClCompile Include="TcpReceiver.cpp">
      <Filter>소스 파일</Filter>
    </ClCompile>
    <ClCompile Include="UdpMulticastReceiver.cpp">
      <Filter>소스 파일</Filter>
    </ClCompile>
    <ClCompile Include="AircraftManager.cpp">
      <Filter>소스 파일</Filter>
    </ClCompile>
    <ClCompile Include="TcpSender.cpp">
      <Filter>소스 파일</Filter>
    </ClCompile>
    <ClCompile Include="share.cpp">
      <Filter>소스 파일</Filter>
    </ClCompile>
    <ClCompile Include="EngagementManager.cpp">
      <Filter>소스 파일</Filter>
    </ClCompile>
    <ClCompile Include="SimulationManager.cpp">
      <Filter>소스 파일</Filter>
    </ClCompile>
    <ClCompile Include="UdpSender.cpp">
      <Filter>소스 파일</Filter>
    </ClCompile>
    <ClCompile Include="UdpMulticastSender.h">
      <Filter>헤더 파일</Filter>
    </ClCompile>
    <ClCompile Include="UdpMulticastSender.cpp">
      <Filter>소스 파일</Filter>
    </ClCompile>
    <ClCompile Include="Missile.cpp">
      <Filter>소스 파일</Filter>
    </ClCompile>
    <ClCompile Include="MissileSender.cpp">
      <Filter>소스 파일</Filter>
    </ClCompile>
    <ClCompile Include="MissileReceiver.cpp">
      <Filter>소스 파일</Filter>
    </ClCompile>
    <ClCompile Include="MissileManager.cpp">
      <Filter>소스 파일</Filter>
    </ClCompile>
    <ClCompile Include="UdpReceiver.cpp">
      <Filter>소스 파일</Filter>
    </ClCompile>
  </ItemGroup>
  <ItemGroup>
    <ClInclude Include="Aircraft.h">
      <Filter>헤더 파일</Filter>
    </ClInclude>
    <ClInclude Include="share.h">
      <Filter>헤더 파일</Filter>
    </ClInclude>
    <ClInclude Include="SimulationManager.h">
      <Filter>헤더 파일</Filter>
    </ClInclude>
    <ClInclude Include="TcpReceiver.h">
      <Filter>헤더 파일</Filter>
    </ClInclude>
    <ClInclude Include="UdpMulticastReceiver.h">
      <Filter>헤더 파일</Filter>
    </ClInclude>
    <ClInclude Include="AircraftManager.h">
      <Filter>헤더 파일</Filter>
    </ClInclude>
    <ClInclude Include="TcpSender.h">
      <Filter>헤더 파일</Filter>
    </ClInclude>
    <ClInclude Include="EngagementManager.h">
      <Filter>헤더 파일</Filter>
    </ClInclude>
    <ClInclude Include="UdpSender.h">
      <Filter>헤더 파일</Filter>
    </ClInclude>
    <ClInclude Include="Missile.h">
      <Filter>헤더 파일</Filter>
    </ClInclude>
    <ClInclude Include="MissileReceiver.h">
      <Filter>헤더 파일</Filter>
    </ClInclude>
    <ClInclude Include="MissileSender.h">
      <Filter>헤더 파일</Filter>
    </ClInclude>
    <ClInclude Include="MissileManager.h">
      <Filter>헤더 파일</Filter>
    </ClInclude>
    <ClInclude Include="UdpReceiver.h">
      <Filter>헤더 파일</Filter>
    </ClInclude>
  </ItemGroup>
</Project>